
Microsoft Visual Studio Solution File, Format Version 12.00
# Visual Studio 15
VisualStudioVersion = 15.0.27004.2002
MinimumVisualStudioVersion = 10.0.40219.1
Project("{FAE04EC0-301F-11D3-BF4B-00C04F79EFBC}") = "dotnet-nimiq", "dotnet-nimiq\dotnet-nimiq.csproj", "{16D99843-47CD-4B91-9269-1D36AD2A395C}"
EndProject
Project("{FAE04EC0-301F-11D3-BF4B-00C04F79EFBC}") = "TestApplication", "TestApplication\TestApplication.csproj", "{54B4B934-1B97-4242-86AD-E79FD18EB0DD}"
EndProject
Global
	GlobalSection(SolutionConfigurationPlatforms) = preSolution
		Debug|Any CPU = Debug|Any CPU
		Release|Any CPU = Release|Any CPU
	EndGlobalSection
	GlobalSection(ProjectConfigurationPlatforms) = postSolution
		{16D99843-47CD-4B91-9269-1D36AD2A395C}.Debug|Any CPU.ActiveCfg = Debug|Any CPU
		{16D99843-47CD-4B91-9269-1D36AD2A395C}.Debug|Any CPU.Build.0 = Debug|Any CPU
		{16D99843-47CD-4B91-9269-1D36AD2A395C}.Release|Any CPU.ActiveCfg = Release|Any CPU
		{16D99843-47CD-4B91-9269-1D36AD2A395C}.Release|Any CPU.Build.0 = Release|Any CPU
		{54B4B934-1B97-4242-86AD-E79FD18EB0DD}.Debug|Any CPU.ActiveCfg = Debug|Any CPU
		{54B4B934-1B97-4242-86AD-E79FD18EB0DD}.Debug|Any CPU.Build.0 = Debug|Any CPU
		{54B4B934-1B97-4242-86AD-E79FD18EB0DD}.Release|Any CPU.ActiveCfg = Release|Any CPU
		{54B4B934-1B97-4242-86AD-E79FD18EB0DD}.Release|Any CPU.Build.0 = Release|Any CPU
	EndGlobalSection
	GlobalSection(SolutionProperties) = preSolution
		HideSolutionNode = FALSE
	EndGlobalSection
	GlobalSection(ExtensibilityGlobals) = postSolution
		SolutionGuid = {E561A5C6-E459-4BD3-BE6A-FE323007520B}
	EndGlobalSection
EndGlobal
